
Microsoft Visual Studio Solution File, Format Version 12.00
# Visual Studio 14
VisualStudioVersion = 14.0.25420.1
MinimumVisualStudioVersion = 10.0.40219.1
Project("{8BC9CEB8-8B4A-11D0-8D11-00A0C91BC942}") = "2-1", "2-1\2-1.vcxproj", "{5A7B4644-FF7F-49F6-A7AE-12B58E9152A3}"
EndProject
Project("{8BC9CEB8-8B4A-11D0-8D11-00A0C91BC942}") = "2-2", "2-2\2-2.vcxproj", "{28FCCD12-695B-494C-AAF4-64C471DD9C09}"
EndProject
Project("{8BC9CEB8-8B4A-11D0-8D11-00A0C91BC942}") = "2-3", "2-3\2-3.vcxproj", "{56073F42-2C54-4506-9D7F-3A52717120E9}"
EndProject
Project("{8BC9CEB8-8B4A-11D0-8D11-00A0C91BC942}") = "2-4", "2-4\2-4.vcxproj", "{3626E58E-1AD5-4EE5-A40A-EBE180F743CD}"
EndProject
Project("{8BC9CEB8-8B4A-11D0-8D11-00A0C91BC942}") = "2-5", "2-5\2-5.vcxproj", "{F2C7F931-952A-452C-8648-0B6A97E1B6F4}"
EndProject
Project("{8BC9CEB8-8B4A-11D0-8D11-00A0C91BC942}") = "2-6_未完成", "2-6\2-6.vcxproj", "{D8A8EE20-CFE6-4749-89FF-406DC7CD3C01}"
EndProject
Project("{8BC9CEB8-8B4A-11D0-8D11-00A0C91BC942}") = "程序3-4", "程序3-4\程序3-4.vcxproj", "{B27CD5A6-3A2D-4FC3-BF4B-B2D2372CD5FE}"
EndProject
Project("{8BC9CEB8-8B4A-11D0-8D11-00A0C91BC942}") = "例题3-1", "例题3-1\例题3-1.vcxproj", "{61F76F2E-3376-46F7-BD09-F944FD627F39}"
EndProject
Project("{8BC9CEB8-8B4A-11D0-8D11-00A0C91BC942}") = "例题3-2", "例题3-2\例题3-2.vcxproj", "{4DA09FC0-4AC1-4285-9B13-B6BFB4D7AF7E}"
EndProject
Project("{8BC9CEB8-8B4A-11D0-8D11-00A0C91BC942}") = "例题3-3", "例题3-3\例题3-3.vcxproj", "{CF8579DF-B9F0-4DC9-9A64-0F75A74E8396}"
EndProject
Project("{8BC9CEB8-8B4A-11D0-8D11-00A0C91BC942}") = "例题3-3_书上好的算法", "例题3-3_书上好的算法\例题3-3_书上好的算法.vcxproj", "{632C1370-1F51-4AE4-A9F0-ACABB2213CDC}"
EndProject
Project("{8BC9CEB8-8B4A-11D0-8D11-00A0C91BC942}") = "例题3-4", "例题3-4\例题3-4.vcxproj", "{CFD889CF-1AC4-4F7C-A868-2D550DBE676A}"
EndProject
Project("{8BC9CEB8-8B4A-11D0-8D11-00A0C91BC942}") = "例题3-5", "例题3-5\例题3-5.vcxproj", "{32889FBF-5EF8-4662-9DDA-D80CB4CADDE5}"
EndProject
Project("{8BC9CEB8-8B4A-11D0-8D11-00A0C91BC942}") = "例题3-5_书上的好算法", "例题3-5_书上的好算法\例题3-5_书上的好算法.vcxproj", "{5A1F336F-D1B2-40BD-9E70-A8DC3C56BECC}"
EndProject
Project("{8BC9CEB8-8B4A-11D0-8D11-00A0C91BC942}") = "例题3-6", "例题3-6\例题3-6.vcxproj", "{2ACE98BE-7CC0-463D-9F8A-64EC55C14ED8}"
EndProject
Project("{8BC9CEB8-8B4A-11D0-8D11-00A0C91BC942}") = "例题4-1", "例题4-1\例题4-1.vcxproj", "{5D411DEE-C4E4-4384-8156-3942515E8D09}"
EndProject
Project("{8BC9CEB8-8B4A-11D0-8D11-00A0C91BC942}") = "例题4-2", "例题4-2\例题4-2.vcxproj", "{72901A62-FDDA-43B6-A7E0-DEBADD700165}"
EndProject
Project("{8BC9CEB8-8B4A-11D0-8D11-00A0C91BC942}") = "例题4-3", "例题4-3\例题4-3.vcxproj", "{8E778518-D4FB-4397-9510-DC199C479E21}"
EndProject
Project("{8BC9CEB8-8B4A-11D0-8D11-00A0C91BC942}") = "例题4-4", "例题4-4\例题4-4.vcxproj", "{28A7D1D3-D98F-4733-884A-0A87BD8511B2}"
EndProject
Project("{8BC9CEB8-8B4A-11D0-8D11-00A0C91BC942}") = "习题3-1", "习题3-1\习题3-1.vcxproj", "{8CCD91DB-0B74-47F3-B87C-A2F2C9EAA871}"
EndProject
Project("{8BC9CEB8-8B4A-11D0-8D11-00A0C91BC942}") = "习题3-2", "习题3-2\习题3-2.vcxproj", "{1EF86CE7-BEE9-4D71-B4DB-0653177D3169}"
EndProject
Project("{8BC9CEB8-8B4A-11D0-8D11-00A0C91BC942}") = "习题3-3", "习题3-3\习题3-3.vcxproj", "{5E4E2133-4C42-4B82-ACFF-D9E41C08EE62}"
EndProject
Project("{8BC9CEB8-8B4A-11D0-8D11-00A0C91BC942}") = "习题3-4", "习题3-4\习题3-4.vcxproj", "{9627F4B2-E3F0-4A6C-B699-E834F2CD78F8}"
EndProject
Project("{8BC9CEB8-8B4A-11D0-8D11-00A0C91BC942}") = "习题3-5", "习题3-5\习题3-5.vcxproj", "{3D56AC87-811A-4F42-A6DA-F3088EBF8B86}"
EndProject
Project("{8BC9CEB8-8B4A-11D0-8D11-00A0C91BC942}") = "习题3-6", "习题3-6\习题3-6.vcxproj", "{EDDE48B0-9758-4AFF-9E11-714E55FB18D2}"
EndProject
Project("{8BC9CEB8-8B4A-11D0-8D11-00A0C91BC942}") = "例题5-2", "例题5-2\例题5-2.vcxproj", "{4BE7E073-E3C6-4701-B300-260666D8C9FE}"
EndProject
Project("{8BC9CEB8-8B4A-11D0-8D11-00A0C91BC942}") = "例题5-3", "例题5-3\例题5-3.vcxproj", "{3458B244-FCF5-4A48-90B4-9028AC20380B}"
EndProject
Project("{8BC9CEB8-8B4A-11D0-8D11-00A0C91BC942}") = "例题5-5", "例题5-5\例5-5.vcxproj", "{8AD9B8D7-FF5C-4DB4-9E01-29717510A63D}"
EndProject
Project("{8BC9CEB8-8B4A-11D0-8D11-00A0C91BC942}") = "例题5-6", "例题5-6\例题5-6.vcxproj", "{2F3ED989-0CA3-46C6-B2DB-DCD7FF9BCA25}"
EndProject
Project("{8BC9CEB8-8B4A-11D0-8D11-00A0C91BC942}") = "例题5-7", "例题5-7\例题5-7.vcxproj", "{98272B38-A4A3-46E2-A202-8F022490AD46}"
EndProject
Project("{8BC9CEB8-8B4A-11D0-8D11-00A0C91BC942}") = "例题5-8", "例题5-8\例题5-8.vcxproj", "{9E9326BF-C1FA-4AE5-8FE0-2B683430ED31}"
EndProject
Project("{8BC9CEB8-8B4A-11D0-8D11-00A0C91BC942}") = "例题6-2", "例题6-2\例题6-2.vcxproj", "{BE1958AE-1F8D-474E-B046-42C754A1FE3E}"
EndProject
Project("{8BC9CEB8-8B4A-11D0-8D11-00A0C91BC942}") = "例题6-3", "例题6-3\例题6-3.vcxproj", "{9AA3B49C-025B-4CD0-A24D-E7370B790E93}"
EndProject
Project("{8BC9CEB8-8B4A-11D0-8D11-00A0C91BC942}") = "例题6-4", "例题6-4\例题6-4.vcxproj", "{7531047F-C606-4E93-AF75-0A488D5F5D87}"
EndProject
Project("{8BC9CEB8-8B4A-11D0-8D11-00A0C91BC942}") = "例题6-5", "例题6-5\例题6-5.vcxproj", "{E3D28F81-C135-4745-BDAC-91E5172FB94E}"
EndProject
Project("{8BC9CEB8-8B4A-11D0-8D11-00A0C91BC942}") = "例题6-6", "例题6-6\例题6-6.vcxproj", "{9B2E343B-ADD4-464B-9581-D861453C8ADF}"
EndProject
Project("{8BC9CEB8-8B4A-11D0-8D11-00A0C91BC942}") = "例题6-6_书上的好算法", "例题6-6_书上的好算法\例题6-6_书上的好算法.vcxproj", "{0085F4AF-C850-4422-A5AC-C7677EBEB6BF}"
EndProject
Project("{8BC9CEB8-8B4A-11D0-8D11-00A0C91BC942}") = "例题6-7", "例题6-7\例题6-7.vcxproj", "{3EC781C6-85D4-42F3-A7F1-9522DCA0348E}"
EndProject
Project("{8BC9CEB8-8B4A-11D0-8D11-00A0C91BC942}") = "例题6-8", "例题6-8\例题6-8.vcxproj", "{A59E2EA1-D449-49C8-8344-42B371AE7D00}"
EndProject
Project("{8BC9CEB8-8B4A-11D0-8D11-00A0C91BC942}") = "例题6-9", "例题6-9\例题6-9.vcxproj", "{4143615E-B70E-49C7-87F7-747B977FF47F}"
EndProject
Project("{8BC9CEB8-8B4A-11D0-8D11-00A0C91BC942}") = "例题6-9_书上的算法", "例题6-9_书上的算法\例题6-9_书上的算法.vcxproj", "{DDFEECFC-3388-4C0B-AD86-9170B445217C}"
EndProject
Project("{8BC9CEB8-8B4A-11D0-8D11-00A0C91BC942}") = "例题6-10", "例题6-10\例题6-10.vcxproj", "{D579EF4F-7397-4B0D-AB69-E720E3A55BE4}"
EndProject
Project("{8BC9CEB8-8B4A-11D0-8D11-00A0C91BC942}") = "例题6-11", "例题6-11\例题6-11.vcxproj", "{6E75D7B1-4874-472E-8EFC-0DA5700717E1}"
EndProject
Global
	GlobalSection(SolutionConfigurationPlatforms) = preSolution
		Debug|Win32 = Debug|Win32
		Debug|x64 = Debug|x64
		Release|Win32 = Release|Win32
		Release|x64 = Release|x64
	EndGlobalSection
	GlobalSection(ProjectConfigurationPlatforms) = postSolution
		{5A7B4644-FF7F-49F6-A7AE-12B58E9152A3}.Debug|Win32.ActiveCfg = Debug|Win32
		{5A7B4644-FF7F-49F6-A7AE-12B58E9152A3}.Debug|Win32.Build.0 = Debug|Win32
		{5A7B4644-FF7F-49F6-A7AE-12B58E9152A3}.Debug|x64.ActiveCfg = Debug|Win32
		{5A7B4644-FF7F-49F6-A7AE-12B58E9152A3}.Release|Win32.ActiveCfg = Release|Win32
		{5A7B4644-FF7F-49F6-A7AE-12B58E9152A3}.Release|Win32.Build.0 = Release|Win32
		{5A7B4644-FF7F-49F6-A7AE-12B58E9152A3}.Release|x64.ActiveCfg = Release|Win32
		{28FCCD12-695B-494C-AAF4-64C471DD9C09}.Debug|Win32.ActiveCfg = Debug|Win32
		{28FCCD12-695B-494C-AAF4-64C471DD9C09}.Debug|Win32.Build.0 = Debug|Win32
		{28FCCD12-695B-494C-AAF4-64C471DD9C09}.Debug|x64.ActiveCfg = Debug|Win32
		{28FCCD12-695B-494C-AAF4-64C471DD9C09}.Release|Win32.ActiveCfg = Release|Win32
		{28FCCD12-695B-494C-AAF4-64C471DD9C09}.Release|Win32.Build.0 = Release|Win32
		{28FCCD12-695B-494C-AAF4-64C471DD9C09}.Release|x64.ActiveCfg = Release|Win32
		{56073F42-2C54-4506-9D7F-3A52717120E9}.Debug|Win32.ActiveCfg = Debug|Win32
		{56073F42-2C54-4506-9D7F-3A52717120E9}.Debug|Win32.Build.0 = Debug|Win32
		{56073F42-2C54-4506-9D7F-3A52717120E9}.Debug|x64.ActiveCfg = Debug|Win32
		{56073F42-2C54-4506-9D7F-3A52717120E9}.Release|Win32.ActiveCfg = Release|Win32
		{56073F42-2C54-4506-9D7F-3A52717120E9}.Release|Win32.Build.0 = Release|Win32
		{56073F42-2C54-4506-9D7F-3A52717120E9}.Release|x64.ActiveCfg = Release|Win32
		{3626E58E-1AD5-4EE5-A40A-EBE180F743CD}.Debug|Win32.ActiveCfg = Debug|Win32
		{3626E58E-1AD5-4EE5-A40A-EBE180F743CD}.Debug|Win32.Build.0 = Debug|Win32
		{3626E58E-1AD5-4EE5-A40A-EBE180F743CD}.Debug|x64.ActiveCfg = Debug|Win32
		{3626E58E-1AD5-4EE5-A40A-EBE180F743CD}.Release|Win32.ActiveCfg = Release|Win32
		{3626E58E-1AD5-4EE5-A40A-EBE180F743CD}.Release|Win32.Build.0 = Release|Win32
		{3626E58E-1AD5-4EE5-A40A-EBE180F743CD}.Release|x64.ActiveCfg = Release|Win32
		{F2C7F931-952A-452C-8648-0B6A97E1B6F4}.Debug|Win32.ActiveCfg = Debug|Win32
		{F2C7F931-952A-452C-8648-0B6A97E1B6F4}.Debug|Win32.Build.0 = Debug|Win32
		{F2C7F931-952A-452C-8648-0B6A97E1B6F4}.Debug|x64.ActiveCfg = Debug|Win32
		{F2C7F931-952A-452C-8648-0B6A97E1B6F4}.Release|Win32.ActiveCfg = Release|Win32
		{F2C7F931-952A-452C-8648-0B6A97E1B6F4}.Release|Win32.Build.0 = Release|Win32
		{F2C7F931-952A-452C-8648-0B6A97E1B6F4}.Release|x64.ActiveCfg = Release|Win32
		{D8A8EE20-CFE6-4749-89FF-406DC7CD3C01}.Debug|Win32.ActiveCfg = Debug|Win32
		{D8A8EE20-CFE6-4749-89FF-406DC7CD3C01}.Debug|Win32.Build.0 = Debug|Win32
		{D8A8EE20-CFE6-4749-89FF-406DC7CD3C01}.Debug|x64.ActiveCfg = Debug|Win32
		{D8A8EE20-CFE6-4749-89FF-406DC7CD3C01}.Release|Win32.ActiveCfg = Release|Win32
		{D8A8EE20-CFE6-4749-89FF-406DC7CD3C01}.Release|Win32.Build.0 = Release|Win32
		{D8A8EE20-CFE6-4749-89FF-406DC7CD3C01}.Release|x64.ActiveCfg = Release|Win32
		{B27CD5A6-3A2D-4FC3-BF4B-B2D2372CD5FE}.Debug|Win32.ActiveCfg = Debug|Win32
		{B27CD5A6-3A2D-4FC3-BF4B-B2D2372CD5FE}.Debug|Win32.Build.0 = Debug|Win32
		{B27CD5A6-3A2D-4FC3-BF4B-B2D2372CD5FE}.Debug|x64.ActiveCfg = Debug|Win32
		{B27CD5A6-3A2D-4FC3-BF4B-B2D2372CD5FE}.Release|Win32.ActiveCfg = Release|Win32
		{B27CD5A6-3A2D-4FC3-BF4B-B2D2372CD5FE}.Release|Win32.Build.0 = Release|Win32
		{B27CD5A6-3A2D-4FC3-BF4B-B2D2372CD5FE}.Release|x64.ActiveCfg = Release|Win32
		{61F76F2E-3376-46F7-BD09-F944FD627F39}.Debug|Win32.ActiveCfg = Debug|Win32
		{61F76F2E-3376-46F7-BD09-F944FD627F39}.Debug|Win32.Build.0 = Debug|Win32
		{61F76F2E-3376-46F7-BD09-F944FD627F39}.Debug|x64.ActiveCfg = Debug|Win32
		{61F76F2E-3376-46F7-BD09-F944FD627F39}.Release|Win32.ActiveCfg = Release|Win32
		{61F76F2E-3376-46F7-BD09-F944FD627F39}.Release|Win32.Build.0 = Release|Win32
		{61F76F2E-3376-46F7-BD09-F944FD627F39}.Release|x64.ActiveCfg = Release|Win32
		{4DA09FC0-4AC1-4285-9B13-B6BFB4D7AF7E}.Debug|Win32.ActiveCfg = Debug|Win32
		{4DA09FC0-4AC1-4285-9B13-B6BFB4D7AF7E}.Debug|Win32.Build.0 = Debug|Win32
		{4DA09FC0-4AC1-4285-9B13-B6BFB4D7AF7E}.Debug|x64.ActiveCfg = Debug|Win32
		{4DA09FC0-4AC1-4285-9B13-B6BFB4D7AF7E}.Release|Win32.ActiveCfg = Release|Win32
		{4DA09FC0-4AC1-4285-9B13-B6BFB4D7AF7E}.Release|Win32.Build.0 = Release|Win32
		{4DA09FC0-4AC1-4285-9B13-B6BFB4D7AF7E}.Release|x64.ActiveCfg = Release|Win32
		{CF8579DF-B9F0-4DC9-9A64-0F75A74E8396}.Debug|Win32.ActiveCfg = Debug|Win32
		{CF8579DF-B9F0-4DC9-9A64-0F75A74E8396}.Debug|Win32.Build.0 = Debug|Win32
		{CF8579DF-B9F0-4DC9-9A64-0F75A74E8396}.Debug|x64.ActiveCfg = Debug|Win32
		{CF8579DF-B9F0-4DC9-9A64-0F75A74E8396}.Release|Win32.ActiveCfg = Release|Win32
		{CF8579DF-B9F0-4DC9-9A64-0F75A74E8396}.Release|Win32.Build.0 = Release|Win32
		{CF8579DF-B9F0-4DC9-9A64-0F75A74E8396}.Release|x64.ActiveCfg = Release|Win32
		{632C1370-1F51-4AE4-A9F0-ACABB2213CDC}.Debug|Win32.ActiveCfg = Debug|Win32
		{632C1370-1F51-4AE4-A9F0-ACABB2213CDC}.Debug|Win32.Build.0 = Debug|Win32
		{632C1370-1F51-4AE4-A9F0-ACABB2213CDC}.Debug|x64.ActiveCfg = Debug|Win32
		{632C1370-1F51-4AE4-A9F0-ACABB2213CDC}.Release|Win32.ActiveCfg = Release|Win32
		{632C1370-1F51-4AE4-A9F0-ACABB2213CDC}.Release|Win32.Build.0 = Release|Win32
		{632C1370-1F51-4AE4-A9F0-ACABB2213CDC}.Release|x64.ActiveCfg = Release|Win32
		{CFD889CF-1AC4-4F7C-A868-2D550DBE676A}.Debug|Win32.ActiveCfg = Debug|Win32
		{CFD889CF-1AC4-4F7C-A868-2D550DBE676A}.Debug|Win32.Build.0 = Debug|Win32
		{CFD889CF-1AC4-4F7C-A868-2D550DBE676A}.Debug|x64.ActiveCfg = Debug|Win32
		{CFD889CF-1AC4-4F7C-A868-2D550DBE676A}.Release|Win32.ActiveCfg = Release|Win32
		{CFD889CF-1AC4-4F7C-A868-2D550DBE676A}.Release|Win32.Build.0 = Release|Win32
		{CFD889CF-1AC4-4F7C-A868-2D550DBE676A}.Release|x64.ActiveCfg = Release|Win32
		{32889FBF-5EF8-4662-9DDA-D80CB4CADDE5}.Debug|Win32.ActiveCfg = Debug|Win32
		{32889FBF-5EF8-4662-9DDA-D80CB4CADDE5}.Debug|Win32.Build.0 = Debug|Win32
		{32889FBF-5EF8-4662-9DDA-D80CB4CADDE5}.Debug|x64.ActiveCfg = Debug|Win32
		{32889FBF-5EF8-4662-9DDA-D80CB4CADDE5}.Release|Win32.ActiveCfg = Release|Win32
		{32889FBF-5EF8-4662-9DDA-D80CB4CADDE5}.Release|Win32.Build.0 = Release|Win32
		{32889FBF-5EF8-4662-9DDA-D80CB4CADDE5}.Release|x64.ActiveCfg = Release|Win32
		{5A1F336F-D1B2-40BD-9E70-A8DC3C56BECC}.Debug|Win32.ActiveCfg = Debug|Win32
		{5A1F336F-D1B2-40BD-9E70-A8DC3C56BECC}.Debug|Win32.Build.0 = Debug|Win32
		{5A1F336F-D1B2-40BD-9E70-A8DC3C56BECC}.Debug|x64.ActiveCfg = Debug|Win32
		{5A1F336F-D1B2-40BD-9E70-A8DC3C56BECC}.Release|Win32.ActiveCfg = Release|Win32
		{5A1F336F-D1B2-40BD-9E70-A8DC3C56BECC}.Release|Win32.Build.0 = Release|Win32
		{5A1F336F-D1B2-40BD-9E70-A8DC3C56BECC}.Release|x64.ActiveCfg = Release|Win32
		{2ACE98BE-7CC0-463D-9F8A-64EC55C14ED8}.Debug|Win32.ActiveCfg = Debug|Win32
		{2ACE98BE-7CC0-463D-9F8A-64EC55C14ED8}.Debug|Win32.Build.0 = Debug|Win32
		{2ACE98BE-7CC0-463D-9F8A-64EC55C14ED8}.Debug|x64.ActiveCfg = Debug|Win32
		{2ACE98BE-7CC0-463D-9F8A-64EC55C14ED8}.Release|Win32.ActiveCfg = Release|Win32
		{2ACE98BE-7CC0-463D-9F8A-64EC55C14ED8}.Release|Win32.Build.0 = Release|Win32
		{2ACE98BE-7CC0-463D-9F8A-64EC55C14ED8}.Release|x64.ActiveCfg = Release|Win32
		{5D411DEE-C4E4-4384-8156-3942515E8D09}.Debug|Win32.ActiveCfg = Debug|Win32
		{5D411DEE-C4E4-4384-8156-3942515E8D09}.Debug|Win32.Build.0 = Debug|Win32
		{5D411DEE-C4E4-4384-8156-3942515E8D09}.Debug|x64.ActiveCfg = Debug|Win32
		{5D411DEE-C4E4-4384-8156-3942515E8D09}.Release|Win32.ActiveCfg = Release|Win32
		{5D411DEE-C4E4-4384-8156-3942515E8D09}.Release|Win32.Build.0 = Release|Win32
		{5D411DEE-C4E4-4384-8156-3942515E8D09}.Release|x64.ActiveCfg = Release|Win32
		{72901A62-FDDA-43B6-A7E0-DEBADD700165}.Debug|Win32.ActiveCfg = Debug|Win32
		{72901A62-FDDA-43B6-A7E0-DEBADD700165}.Debug|Win32.Build.0 = Debug|Win32
		{72901A62-FDDA-43B6-A7E0-DEBADD700165}.Debug|x64.ActiveCfg = Debug|Win32
		{72901A62-FDDA-43B6-A7E0-DEBADD700165}.Release|Win32.ActiveCfg = Release|Win32
		{72901A62-FDDA-43B6-A7E0-DEBADD700165}.Release|Win32.Build.0 = Release|Win32
		{72901A62-FDDA-43B6-A7E0-DEBADD700165}.Release|x64.ActiveCfg = Release|Win32
		{8E778518-D4FB-4397-9510-DC199C479E21}.Debug|Win32.ActiveCfg = Debug|Win32
		{8E778518-D4FB-4397-9510-DC199C479E21}.Debug|Win32.Build.0 = Debug|Win32
		{8E778518-D4FB-4397-9510-DC199C479E21}.Debug|x64.ActiveCfg = Debug|x64
		{8E778518-D4FB-4397-9510-DC199C479E21}.Debug|x64.Build.0 = Debug|x64
		{8E778518-D4FB-4397-9510-DC199C479E21}.Release|Win32.ActiveCfg = Release|Win32
		{8E778518-D4FB-4397-9510-DC199C479E21}.Release|Win32.Build.0 = Release|Win32
		{8E778518-D4FB-4397-9510-DC199C479E21}.Release|x64.ActiveCfg = Release|x64
		{8E778518-D4FB-4397-9510-DC199C479E21}.Release|x64.Build.0 = Release|x64
		{28A7D1D3-D98F-4733-884A-0A87BD8511B2}.Debug|Win32.ActiveCfg = Debug|Win32
		{28A7D1D3-D98F-4733-884A-0A87BD8511B2}.Debug|Win32.Build.0 = Debug|Win32
		{28A7D1D3-D98F-4733-884A-0A87BD8511B2}.Debug|x64.ActiveCfg = Debug|Win32
		{28A7D1D3-D98F-4733-884A-0A87BD8511B2}.Release|Win32.ActiveCfg = Release|Win32
		{28A7D1D3-D98F-4733-884A-0A87BD8511B2}.Release|Win32.Build.0 = Release|Win32
		{28A7D1D3-D98F-4733-884A-0A87BD8511B2}.Release|x64.ActiveCfg = Release|Win32
		{8CCD91DB-0B74-47F3-B87C-A2F2C9EAA871}.Debug|Win32.ActiveCfg = Debug|Win32
		{8CCD91DB-0B74-47F3-B87C-A2F2C9EAA871}.Debug|Win32.Build.0 = Debug|Win32
		{8CCD91DB-0B74-47F3-B87C-A2F2C9EAA871}.Debug|x64.ActiveCfg = Debug|Win32
		{8CCD91DB-0B74-47F3-B87C-A2F2C9EAA871}.Release|Win32.ActiveCfg = Release|Win32
		{8CCD91DB-0B74-47F3-B87C-A2F2C9EAA871}.Release|Win32.Build.0 = Release|Win32
		{8CCD91DB-0B74-47F3-B87C-A2F2C9EAA871}.Release|x64.ActiveCfg = Release|Win32
		{1EF86CE7-BEE9-4D71-B4DB-0653177D3169}.Debug|Win32.ActiveCfg = Debug|Win32
		{1EF86CE7-BEE9-4D71-B4DB-0653177D3169}.Debug|Win32.Build.0 = Debug|Win32
		{1EF86CE7-BEE9-4D71-B4DB-0653177D3169}.Debug|x64.ActiveCfg = Debug|Win32
		{1EF86CE7-BEE9-4D71-B4DB-0653177D3169}.Release|Win32.ActiveCfg = Release|Win32
		{1EF86CE7-BEE9-4D71-B4DB-0653177D3169}.Release|Win32.Build.0 = Release|Win32
		{1EF86CE7-BEE9-4D71-B4DB-0653177D3169}.Release|x64.ActiveCfg = Release|Win32
		{5E4E2133-4C42-4B82-ACFF-D9E41C08EE62}.Debug|Win32.ActiveCfg = Debug|Win32
		{5E4E2133-4C42-4B82-ACFF-D9E41C08EE62}.Debug|Win32.Build.0 = Debug|Win32
		{5E4E2133-4C42-4B82-ACFF-D9E41C08EE62}.Debug|x64.ActiveCfg = Debug|Win32
		{5E4E2133-4C42-4B82-ACFF-D9E41C08EE62}.Release|Win32.ActiveCfg = Release|Win32
		{5E4E2133-4C42-4B82-ACFF-D9E41C08EE62}.Release|Win32.Build.0 = Release|Win32
		{5E4E2133-4C42-4B82-ACFF-D9E41C08EE62}.Release|x64.ActiveCfg = Release|Win32
		{9627F4B2-E3F0-4A6C-B699-E834F2CD78F8}.Debug|Win32.ActiveCfg = Debug|Win32
		{9627F4B2-E3F0-4A6C-B699-E834F2CD78F8}.Debug|Win32.Build.0 = Debug|Win32
		{9627F4B2-E3F0-4A6C-B699-E834F2CD78F8}.Debug|x64.ActiveCfg = Debug|Win32
		{9627F4B2-E3F0-4A6C-B699-E834F2CD78F8}.Release|Win32.ActiveCfg = Release|Win32
		{9627F4B2-E3F0-4A6C-B699-E834F2CD78F8}.Release|Win32.Build.0 = Release|Win32
		{9627F4B2-E3F0-4A6C-B699-E834F2CD78F8}.Release|x64.ActiveCfg = Release|Win32
		{3D56AC87-811A-4F42-A6DA-F3088EBF8B86}.Debug|Win32.ActiveCfg = Debug|Win32
		{3D56AC87-811A-4F42-A6DA-F3088EBF8B86}.Debug|Win32.Build.0 = Debug|Win32
		{3D56AC87-811A-4F42-A6DA-F3088EBF8B86}.Debug|x64.ActiveCfg = Debug|Win32
		{3D56AC87-811A-4F42-A6DA-F3088EBF8B86}.Release|Win32.ActiveCfg = Release|Win32
		{3D56AC87-811A-4F42-A6DA-F3088EBF8B86}.Release|Win32.Build.0 = Release|Win32
		{3D56AC87-811A-4F42-A6DA-F3088EBF8B86}.Release|x64.ActiveCfg = Release|Win32
		{EDDE48B0-9758-4AFF-9E11-714E55FB18D2}.Debug|Win32.ActiveCfg = Debug|Win32
		{EDDE48B0-9758-4AFF-9E11-714E55FB18D2}.Debug|Win32.Build.0 = Debug|Win32
		{EDDE48B0-9758-4AFF-9E11-714E55FB18D2}.Debug|x64.ActiveCfg = Debug|Win32
		{EDDE48B0-9758-4AFF-9E11-714E55FB18D2}.Release|Win32.ActiveCfg = Release|Win32
		{EDDE48B0-9758-4AFF-9E11-714E55FB18D2}.Release|Win32.Build.0 = Release|Win32
		{EDDE48B0-9758-4AFF-9E11-714E55FB18D2}.Release|x64.ActiveCfg = Release|Win32
		{4BE7E073-E3C6-4701-B300-260666D8C9FE}.Debug|Win32.ActiveCfg = Debug|Win32
		{4BE7E073-E3C6-4701-B300-260666D8C9FE}.Debug|Win32.Build.0 = Debug|Win32
		{4BE7E073-E3C6-4701-B300-260666D8C9FE}.Debug|x64.ActiveCfg = Debug|Win32
		{4BE7E073-E3C6-4701-B300-260666D8C9FE}.Release|Win32.ActiveCfg = Release|Win32
		{4BE7E073-E3C6-4701-B300-260666D8C9FE}.Release|Win32.Build.0 = Release|Win32
		{4BE7E073-E3C6-4701-B300-260666D8C9FE}.Release|x64.ActiveCfg = Release|Win32
		{3458B244-FCF5-4A48-90B4-9028AC20380B}.Debug|Win32.ActiveCfg = Debug|Win32
		{3458B244-FCF5-4A48-90B4-9028AC20380B}.Debug|Win32.Build.0 = Debug|Win32
		{3458B244-FCF5-4A48-90B4-9028AC20380B}.Debug|x64.ActiveCfg = Debug|Win32
		{3458B244-FCF5-4A48-90B4-9028AC20380B}.Release|Win32.ActiveCfg = Release|Win32
		{3458B244-FCF5-4A48-90B4-9028AC20380B}.Release|Win32.Build.0 = Release|Win32
		{3458B244-FCF5-4A48-90B4-9028AC20380B}.Release|x64.ActiveCfg = Release|Win32
		{8AD9B8D7-FF5C-4DB4-9E01-29717510A63D}.Debug|Win32.ActiveCfg = Debug|Win32
		{8AD9B8D7-FF5C-4DB4-9E01-29717510A63D}.Debug|Win32.Build.0 = Debug|Win32
		{8AD9B8D7-FF5C-4DB4-9E01-29717510A63D}.Debug|x64.ActiveCfg = Debug|Win32
		{8AD9B8D7-FF5C-4DB4-9E01-29717510A63D}.Release|Win32.ActiveCfg = Release|Win32
		{8AD9B8D7-FF5C-4DB4-9E01-29717510A63D}.Release|Win32.Build.0 = Release|Win32
		{8AD9B8D7-FF5C-4DB4-9E01-29717510A63D}.Release|x64.ActiveCfg = Release|Win32
		{2F3ED989-0CA3-46C6-B2DB-DCD7FF9BCA25}.Debug|Win32.ActiveCfg = Debug|Win32
		{2F3ED989-0CA3-46C6-B2DB-DCD7FF9BCA25}.Debug|Win32.Build.0 = Debug|Win32
		{2F3ED989-0CA3-46C6-B2DB-DCD7FF9BCA25}.Debug|x64.ActiveCfg = Debug|Win32
		{2F3ED989-0CA3-46C6-B2DB-DCD7FF9BCA25}.Release|Win32.ActiveCfg = Release|Win32
		{2F3ED989-0CA3-46C6-B2DB-DCD7FF9BCA25}.Release|Win32.Build.0 = Release|Win32
		{2F3ED989-0CA3-46C6-B2DB-DCD7FF9BCA25}.Release|x64.ActiveCfg = Release|Win32
		{98272B38-A4A3-46E2-A202-8F022490AD46}.Debug|Win32.ActiveCfg = Debug|Win32
		{98272B38-A4A3-46E2-A202-8F022490AD46}.Debug|Win32.Build.0 = Debug|Win32
		{98272B38-A4A3-46E2-A202-8F022490AD46}.Debug|x64.ActiveCfg = Debug|Win32
		{98272B38-A4A3-46E2-A202-8F022490AD46}.Release|Win32.ActiveCfg = Release|Win32
		{98272B38-A4A3-46E2-A202-8F022490AD46}.Release|Win32.Build.0 = Release|Win32
		{98272B38-A4A3-46E2-A202-8F022490AD46}.Release|x64.ActiveCfg = Release|Win32
		{9E9326BF-C1FA-4AE5-8FE0-2B683430ED31}.Debug|Win32.ActiveCfg = Debug|Win32
		{9E9326BF-C1FA-4AE5-8FE0-2B683430ED31}.Debug|Win32.Build.0 = Debug|Win32
		{9E9326BF-C1FA-4AE5-8FE0-2B683430ED31}.Debug|x64.ActiveCfg = Debug|Win32
		{9E9326BF-C1FA-4AE5-8FE0-2B683430ED31}.Release|Win32.ActiveCfg = Release|Win32
		{9E9326BF-C1FA-4AE5-8FE0-2B683430ED31}.Release|Win32.Build.0 = Release|Win32
		{9E9326BF-C1FA-4AE5-8FE0-2B683430ED31}.Release|x64.ActiveCfg = Release|Win32
		{BE1958AE-1F8D-474E-B046-42C754A1FE3E}.Debug|Win32.ActiveCfg = Debug|Win32
		{BE1958AE-1F8D-474E-B046-42C754A1FE3E}.Debug|Win32.Build.0 = Debug|Win32
		{BE1958AE-1F8D-474E-B046-42C754A1FE3E}.Debug|x64.ActiveCfg = Debug|Win32
		{BE1958AE-1F8D-474E-B046-42C754A1FE3E}.Release|Win32.ActiveCfg = Release|Win32
		{BE1958AE-1F8D-474E-B046-42C754A1FE3E}.Release|Win32.Build.0 = Release|Win32
		{BE1958AE-1F8D-474E-B046-42C754A1FE3E}.Release|x64.ActiveCfg = Release|Win32
		{9AA3B49C-025B-4CD0-A24D-E7370B790E93}.Debug|Win32.ActiveCfg = Debug|Win32
		{9AA3B49C-025B-4CD0-A24D-E7370B790E93}.Debug|Win32.Build.0 = Debug|Win32
		{9AA3B49C-025B-4CD0-A24D-E7370B790E93}.Debug|x64.ActiveCfg = Debug|Win32
		{9AA3B49C-025B-4CD0-A24D-E7370B790E93}.Release|Win32.ActiveCfg = Release|Win32
		{9AA3B49C-025B-4CD0-A24D-E7370B790E93}.Release|Win32.Build.0 = Release|Win32
		{9AA3B49C-025B-4CD0-A24D-E7370B790E93}.Release|x64.ActiveCfg = Release|Win32
		{7531047F-C606-4E93-AF75-0A488D5F5D87}.Debug|Win32.ActiveCfg = Debug|Win32
		{7531047F-C606-4E93-AF75-0A488D5F5D87}.Debug|Win32.Build.0 = Debug|Win32
		{7531047F-C606-4E93-AF75-0A488D5F5D87}.Debug|x64.ActiveCfg = Debug|Win32
		{7531047F-C606-4E93-AF75-0A488D5F5D87}.Release|Win32.ActiveCfg = Release|Win32
		{7531047F-C606-4E93-AF75-0A488D5F5D87}.Release|Win32.Build.0 = Release|Win32
		{7531047F-C606-4E93-AF75-0A488D5F5D87}.Release|x64.ActiveCfg = Release|Win32
		{E3D28F81-C135-4745-BDAC-91E5172FB94E}.Debug|Win32.ActiveCfg = Debug|Win32
		{E3D28F81-C135-4745-BDAC-91E5172FB94E}.Debug|Win32.Build.0 = Debug|Win32
		{E3D28F81-C135-4745-BDAC-91E5172FB94E}.Debug|x64.ActiveCfg = Debug|Win32
		{E3D28F81-C135-4745-BDAC-91E5172FB94E}.Release|Win32.ActiveCfg = Release|Win32
		{E3D28F81-C135-4745-BDAC-91E5172FB94E}.Release|Win32.Build.0 = Release|Win32
		{E3D28F81-C135-4745-BDAC-91E5172FB94E}.Release|x64.ActiveCfg = Release|Win32
		{9B2E343B-ADD4-464B-9581-D861453C8ADF}.Debug|Win32.ActiveCfg = Debug|Win32
		{9B2E343B-ADD4-464B-9581-D861453C8ADF}.Debug|Win32.Build.0 = Debug|Win32
		{9B2E343B-ADD4-464B-9581-D861453C8ADF}.Debug|x64.ActiveCfg = Debug|Win32
		{9B2E343B-ADD4-464B-9581-D861453C8ADF}.Release|Win32.ActiveCfg = Release|Win32
		{9B2E343B-ADD4-464B-9581-D861453C8ADF}.Release|Win32.Build.0 = Release|Win32
		{9B2E343B-ADD4-464B-9581-D861453C8ADF}.Release|x64.ActiveCfg = Release|Win32
		{0085F4AF-C850-4422-A5AC-C7677EBEB6BF}.Debug|Win32.ActiveCfg = Debug|Win32
		{0085F4AF-C850-4422-A5AC-C7677EBEB6BF}.Debug|Win32.Build.0 = Debug|Win32
		{0085F4AF-C850-4422-A5AC-C7677EBEB6BF}.Debug|x64.ActiveCfg = Debug|Win32
		{0085F4AF-C850-4422-A5AC-C7677EBEB6BF}.Release|Win32.ActiveCfg = Release|Win32
		{0085F4AF-C850-4422-A5AC-C7677EBEB6BF}.Release|Win32.Build.0 = Release|Win32
		{0085F4AF-C850-4422-A5AC-C7677EBEB6BF}.Release|x64.ActiveCfg = Release|Win32
		{3EC781C6-85D4-42F3-A7F1-9522DCA0348E}.Debug|Win32.ActiveCfg = Debug|Win32
		{3EC781C6-85D4-42F3-A7F1-9522DCA0348E}.Debug|Win32.Build.0 = Debug|Win32
		{3EC781C6-85D4-42F3-A7F1-9522DCA0348E}.Debug|x64.ActiveCfg = Debug|Win32
		{3EC781C6-85D4-42F3-A7F1-9522DCA0348E}.Release|Win32.ActiveCfg = Release|Win32
		{3EC781C6-85D4-42F3-A7F1-9522DCA0348E}.Release|Win32.Build.0 = Release|Win32
		{3EC781C6-85D4-42F3-A7F1-9522DCA0348E}.Release|x64.ActiveCfg = Release|Win32
		{A59E2EA1-D449-49C8-8344-42B371AE7D00}.Debug|Win32.ActiveCfg = Debug|Win32
		{A59E2EA1-D449-49C8-8344-42B371AE7D00}.Debug|Win32.Build.0 = Debug|Win32
		{A59E2EA1-D449-49C8-8344-42B371AE7D00}.Debug|x64.ActiveCfg = Debug|Win32
		{A59E2EA1-D449-49C8-8344-42B371AE7D00}.Release|Win32.ActiveCfg = Release|Win32
		{A59E2EA1-D449-49C8-8344-42B371AE7D00}.Release|Win32.Build.0 = Release|Win32
		{A59E2EA1-D449-49C8-8344-42B371AE7D00}.Release|x64.ActiveCfg = Release|Win32
		{4143615E-B70E-49C7-87F7-747B977FF47F}.Debug|Win32.ActiveCfg = Debug|Win32
		{4143615E-B70E-49C7-87F7-747B977FF47F}.Debug|Win32.Build.0 = Debug|Win32
		{4143615E-B70E-49C7-87F7-747B977FF47F}.Debug|x64.ActiveCfg = Debug|x64
		{4143615E-B70E-49C7-87F7-747B977FF47F}.Debug|x64.Build.0 = Debug|x64
		{4143615E-B70E-49C7-87F7-747B977FF47F}.Release|Win32.ActiveCfg = Release|Win32
		{4143615E-B70E-49C7-87F7-747B977FF47F}.Release|Win32.Build.0 = Release|Win32
		{4143615E-B70E-49C7-87F7-747B977FF47F}.Release|x64.ActiveCfg = Release|x64
		{4143615E-B70E-49C7-87F7-747B977FF47F}.Release|x64.Build.0 = Release|x64
		{DDFEECFC-3388-4C0B-AD86-9170B445217C}.Debug|Win32.ActiveCfg = Debug|Win32
		{DDFEECFC-3388-4C0B-AD86-9170B445217C}.Debug|Win32.Build.0 = Debug|Win32
		{DDFEECFC-3388-4C0B-AD86-9170B445217C}.Debug|x64.ActiveCfg = Debug|x64
		{DDFEECFC-3388-4C0B-AD86-9170B445217C}.Debug|x64.Build.0 = Debug|x64
		{DDFEECFC-3388-4C0B-AD86-9170B445217C}.Release|Win32.ActiveCfg = Release|Win32
		{DDFEECFC-3388-4C0B-AD86-9170B445217C}.Release|Win32.Build.0 = Release|Win32
		{DDFEECFC-3388-4C0B-AD86-9170B445217C}.Release|x64.ActiveCfg = Release|x64
		{DDFEECFC-3388-4C0B-AD86-9170B445217C}.Release|x64.Build.0 = Release|x64
		{D579EF4F-7397-4B0D-AB69-E720E3A55BE4}.Debug|Win32.ActiveCfg = Debug|Win32
		{D579EF4F-7397-4B0D-AB69-E720E3A55BE4}.Debug|Win32.Build.0 = Debug|Win32
		{D579EF4F-7397-4B0D-AB69-E720E3A55BE4}.Debug|x64.ActiveCfg = Debug|Win32
		{D579EF4F-7397-4B0D-AB69-E720E3A55BE4}.Release|Win32.ActiveCfg = Release|Win32
		{D579EF4F-7397-4B0D-AB69-E720E3A55BE4}.Release|Win32.Build.0 = Release|Win32
		{D579EF4F-7397-4B0D-AB69-E720E3A55BE4}.Release|x64.ActiveCfg = Release|Win32
		{6E75D7B1-4874-472E-8EFC-0DA5700717E1}.Debug|Win32.ActiveCfg = Debug|Win32
		{6E75D7B1-4874-472E-8EFC-0DA5700717E1}.Debug|Win32.Build.0 = Debug|Win32
		{6E75D7B1-4874-472E-8EFC-0DA5700717E1}.Debug|x64.ActiveCfg = Debug|Win32
		{6E75D7B1-4874-472E-8EFC-0DA5700717E1}.Release|Win32.ActiveCfg = Release|Win32
		{6E75D7B1-4874-472E-8EFC-0DA5700717E1}.Release|Win32.Build.0 = Release|Win32
		{6E75D7B1-4874-472E-8EFC-0DA5700717E1}.Release|x64.ActiveCfg = Release|Win32
	EndGlobalSection
	GlobalSection(SolutionProperties) = preSolution
		HideSolutionNode = FALSE
	EndGlobalSection
EndGlobal
