
Microsoft Visual Studio Solution File, Format Version 12.00
# Visual Studio 2013
VisualStudioVersion = 12.0.21005.1
MinimumVisualStudioVersion = 10.0.40219.1
Project("{8BC9CEB8-8B4A-11D0-8D11-00A0C91BC942}") = "2-1", "2-1\2-1.vcxproj", "{5A7B4644-FF7F-49F6-A7AE-12B58E9152A3}"
EndProject
Project("{8BC9CEB8-8B4A-11D0-8D11-00A0C91BC942}") = "2-2", "2-2\2-2.vcxproj", "{28FCCD12-695B-494C-AAF4-64C471DD9C09}"
EndProject
Project("{8BC9CEB8-8B4A-11D0-8D11-00A0C91BC942}") = "2-3", "2-3\2-3.vcxproj", "{56073F42-2C54-4506-9D7F-3A52717120E9}"
EndProject
Project("{8BC9CEB8-8B4A-11D0-8D11-00A0C91BC942}") = "2-4", "2-4\2-4.vcxproj", "{3626E58E-1AD5-4EE5-A40A-EBE180F743CD}"
EndProject
Project("{8BC9CEB8-8B4A-11D0-8D11-00A0C91BC942}") = "2-5", "2-5\2-5.vcxproj", "{F2C7F931-952A-452C-8648-0B6A97E1B6F4}"
EndProject
Project("{8BC9CEB8-8B4A-11D0-8D11-00A0C91BC942}") = "2-6_未完成", "2-6\2-6.vcxproj", "{D8A8EE20-CFE6-4749-89FF-406DC7CD3C01}"
EndProject
Project("{8BC9CEB8-8B4A-11D0-8D11-00A0C91BC942}") = "程序3-4", "程序3-4\程序3-4.vcxproj", "{B27CD5A6-3A2D-4FC3-BF4B-B2D2372CD5FE}"
EndProject
Project("{8BC9CEB8-8B4A-11D0-8D11-00A0C91BC942}") = "例题3-1", "例题3-1\例题3-1.vcxproj", "{61F76F2E-3376-46F7-BD09-F944FD627F39}"
EndProject
Project("{8BC9CEB8-8B4A-11D0-8D11-00A0C91BC942}") = "例题3-2", "例题3-2\例题3-2.vcxproj", "{4DA09FC0-4AC1-4285-9B13-B6BFB4D7AF7E}"
EndProject
Project("{8BC9CEB8-8B4A-11D0-8D11-00A0C91BC942}") = "例题3-3", "例题3-3\例题3-3.vcxproj", "{CF8579DF-B9F0-4DC9-9A64-0F75A74E8396}"
EndProject
Project("{8BC9CEB8-8B4A-11D0-8D11-00A0C91BC942}") = "例题3-3_书上好的算法", "例题3-3_书上好的算法\例题3-3_书上好的算法.vcxproj", "{632C1370-1F51-4AE4-A9F0-ACABB2213CDC}"
EndProject
Project("{8BC9CEB8-8B4A-11D0-8D11-00A0C91BC942}") = "例题3-4", "例题3-4\例题3-4.vcxproj", "{CFD889CF-1AC4-4F7C-A868-2D550DBE676A}"
EndProject
Project("{8BC9CEB8-8B4A-11D0-8D11-00A0C91BC942}") = "例题3-5", "例题3-5\例题3-5.vcxproj", "{32889FBF-5EF8-4662-9DDA-D80CB4CADDE5}"
EndProject
Project("{8BC9CEB8-8B4A-11D0-8D11-00A0C91BC942}") = "例题3-5_书上的好算法", "例题3-5_书上的好算法\例题3-5_书上的好算法.vcxproj", "{5A1F336F-D1B2-40BD-9E70-A8DC3C56BECC}"
EndProject
Project("{8BC9CEB8-8B4A-11D0-8D11-00A0C91BC942}") = "例题3-6", "例题3-6\例题3-6.vcxproj", "{2ACE98BE-7CC0-463D-9F8A-64EC55C14ED8}"
EndProject
Global
	GlobalSection(SolutionConfigurationPlatforms) = preSolution
		Debug|Win32 = Debug|Win32
		Release|Win32 = Release|Win32
	EndGlobalSection
	GlobalSection(ProjectConfigurationPlatforms) = postSolution
		{5A7B4644-FF7F-49F6-A7AE-12B58E9152A3}.Debug|Win32.ActiveCfg = Debug|Win32
		{5A7B4644-FF7F-49F6-A7AE-12B58E9152A3}.Debug|Win32.Build.0 = Debug|Win32
		{5A7B4644-FF7F-49F6-A7AE-12B58E9152A3}.Release|Win32.ActiveCfg = Release|Win32
		{5A7B4644-FF7F-49F6-A7AE-12B58E9152A3}.Release|Win32.Build.0 = Release|Win32
		{28FCCD12-695B-494C-AAF4-64C471DD9C09}.Debug|Win32.ActiveCfg = Debug|Win32
		{28FCCD12-695B-494C-AAF4-64C471DD9C09}.Debug|Win32.Build.0 = Debug|Win32
		{28FCCD12-695B-494C-AAF4-64C471DD9C09}.Release|Win32.ActiveCfg = Release|Win32
		{28FCCD12-695B-494C-AAF4-64C471DD9C09}.Release|Win32.Build.0 = Release|Win32
		{56073F42-2C54-4506-9D7F-3A52717120E9}.Debug|Win32.ActiveCfg = Debug|Win32
		{56073F42-2C54-4506-9D7F-3A52717120E9}.Debug|Win32.Build.0 = Debug|Win32
		{56073F42-2C54-4506-9D7F-3A52717120E9}.Release|Win32.ActiveCfg = Release|Win32
		{56073F42-2C54-4506-9D7F-3A52717120E9}.Release|Win32.Build.0 = Release|Win32
		{3626E58E-1AD5-4EE5-A40A-EBE180F743CD}.Debug|Win32.ActiveCfg = Debug|Win32
		{3626E58E-1AD5-4EE5-A40A-EBE180F743CD}.Debug|Win32.Build.0 = Debug|Win32
		{3626E58E-1AD5-4EE5-A40A-EBE180F743CD}.Release|Win32.ActiveCfg = Release|Win32
		{3626E58E-1AD5-4EE5-A40A-EBE180F743CD}.Release|Win32.Build.0 = Release|Win32
		{F2C7F931-952A-452C-8648-0B6A97E1B6F4}.Debug|Win32.ActiveCfg = Debug|Win32
		{F2C7F931-952A-452C-8648-0B6A97E1B6F4}.Debug|Win32.Build.0 = Debug|Win32
		{F2C7F931-952A-452C-8648-0B6A97E1B6F4}.Release|Win32.ActiveCfg = Release|Win32
		{F2C7F931-952A-452C-8648-0B6A97E1B6F4}.Release|Win32.Build.0 = Release|Win32
		{D8A8EE20-CFE6-4749-89FF-406DC7CD3C01}.Debug|Win32.ActiveCfg = Debug|Win32
		{D8A8EE20-CFE6-4749-89FF-406DC7CD3C01}.Debug|Win32.Build.0 = Debug|Win32
		{D8A8EE20-CFE6-4749-89FF-406DC7CD3C01}.Release|Win32.ActiveCfg = Release|Win32
		{D8A8EE20-CFE6-4749-89FF-406DC7CD3C01}.Release|Win32.Build.0 = Release|Win32
		{B27CD5A6-3A2D-4FC3-BF4B-B2D2372CD5FE}.Debug|Win32.ActiveCfg = Debug|Win32
		{B27CD5A6-3A2D-4FC3-BF4B-B2D2372CD5FE}.Debug|Win32.Build.0 = Debug|Win32
		{B27CD5A6-3A2D-4FC3-BF4B-B2D2372CD5FE}.Release|Win32.ActiveCfg = Release|Win32
		{B27CD5A6-3A2D-4FC3-BF4B-B2D2372CD5FE}.Release|Win32.Build.0 = Release|Win32
		{61F76F2E-3376-46F7-BD09-F944FD627F39}.Debug|Win32.ActiveCfg = Debug|Win32
		{61F76F2E-3376-46F7-BD09-F944FD627F39}.Debug|Win32.Build.0 = Debug|Win32
		{61F76F2E-3376-46F7-BD09-F944FD627F39}.Release|Win32.ActiveCfg = Release|Win32
		{61F76F2E-3376-46F7-BD09-F944FD627F39}.Release|Win32.Build.0 = Release|Win32
		{4DA09FC0-4AC1-4285-9B13-B6BFB4D7AF7E}.Debug|Win32.ActiveCfg = Debug|Win32
		{4DA09FC0-4AC1-4285-9B13-B6BFB4D7AF7E}.Debug|Win32.Build.0 = Debug|Win32
		{4DA09FC0-4AC1-4285-9B13-B6BFB4D7AF7E}.Release|Win32.ActiveCfg = Release|Win32
		{4DA09FC0-4AC1-4285-9B13-B6BFB4D7AF7E}.Release|Win32.Build.0 = Release|Win32
		{CF8579DF-B9F0-4DC9-9A64-0F75A74E8396}.Debug|Win32.ActiveCfg = Debug|Win32
		{CF8579DF-B9F0-4DC9-9A64-0F75A74E8396}.Debug|Win32.Build.0 = Debug|Win32
		{CF8579DF-B9F0-4DC9-9A64-0F75A74E8396}.Release|Win32.ActiveCfg = Release|Win32
		{CF8579DF-B9F0-4DC9-9A64-0F75A74E8396}.Release|Win32.Build.0 = Release|Win32
		{632C1370-1F51-4AE4-A9F0-ACABB2213CDC}.Debug|Win32.ActiveCfg = Debug|Win32
		{632C1370-1F51-4AE4-A9F0-ACABB2213CDC}.Debug|Win32.Build.0 = Debug|Win32
		{632C1370-1F51-4AE4-A9F0-ACABB2213CDC}.Release|Win32.ActiveCfg = Release|Win32
		{632C1370-1F51-4AE4-A9F0-ACABB2213CDC}.Release|Win32.Build.0 = Release|Win32
		{CFD889CF-1AC4-4F7C-A868-2D550DBE676A}.Debug|Win32.ActiveCfg = Debug|Win32
		{CFD889CF-1AC4-4F7C-A868-2D550DBE676A}.Debug|Win32.Build.0 = Debug|Win32
		{CFD889CF-1AC4-4F7C-A868-2D550DBE676A}.Release|Win32.ActiveCfg = Release|Win32
		{CFD889CF-1AC4-4F7C-A868-2D550DBE676A}.Release|Win32.Build.0 = Release|Win32
		{32889FBF-5EF8-4662-9DDA-D80CB4CADDE5}.Debug|Win32.ActiveCfg = Debug|Win32
		{32889FBF-5EF8-4662-9DDA-D80CB4CADDE5}.Debug|Win32.Build.0 = Debug|Win32
		{32889FBF-5EF8-4662-9DDA-D80CB4CADDE5}.Release|Win32.ActiveCfg = Release|Win32
		{32889FBF-5EF8-4662-9DDA-D80CB4CADDE5}.Release|Win32.Build.0 = Release|Win32
		{5A1F336F-D1B2-40BD-9E70-A8DC3C56BECC}.Debug|Win32.ActiveCfg = Debug|Win32
		{5A1F336F-D1B2-40BD-9E70-A8DC3C56BECC}.Debug|Win32.Build.0 = Debug|Win32
		{5A1F336F-D1B2-40BD-9E70-A8DC3C56BECC}.Release|Win32.ActiveCfg = Release|Win32
		{5A1F336F-D1B2-40BD-9E70-A8DC3C56BECC}.Release|Win32.Build.0 = Release|Win32
		{2ACE98BE-7CC0-463D-9F8A-64EC55C14ED8}.Debug|Win32.ActiveCfg = Debug|Win32
		{2ACE98BE-7CC0-463D-9F8A-64EC55C14ED8}.Debug|Win32.Build.0 = Debug|Win32
		{2ACE98BE-7CC0-463D-9F8A-64EC55C14ED8}.Release|Win32.ActiveCfg = Release|Win32
		{2ACE98BE-7CC0-463D-9F8A-64EC55C14ED8}.Release|Win32.Build.0 = Release|Win32
	EndGlobalSection
	GlobalSection(SolutionProperties) = preSolution
		HideSolutionNode = FALSE
	EndGlobalSection
EndGlobal
